
Microsoft Visual Studio Solution File, Format Version 12.00
# Visual Studio Version 16
VisualStudioVersion = 16.0.30011.22
MinimumVisualStudioVersion = 10.0.40219.1
Project("{FAE04EC0-301F-11D3-BF4B-00C04F79EFBC}") = "FDFmini", "FDFmini.csproj", "{57A4E5F4-C203-44D6-BCF9-27A771DBAEAE}"
EndProject
Global
	GlobalSection(SolutionConfigurationPlatforms) = preSolution
		Debug|Any CPU = Debug|Any CPU
		Release|Any CPU = Release|Any CPU
	EndGlobalSection
	GlobalSection(ProjectConfigurationPlatforms) = postSolution
		{57A4E5F4-C203-44D6-BCF9-27A771DBAEAE}.Debug|Any CPU.ActiveCfg = Debug|Any CPU
		{57A4E5F4-C203-44D6-BCF9-27A771DBAEAE}.Debug|Any CPU.Build.0 = Debug|Any CPU
		{57A4E5F4-C203-44D6-BCF9-27A771DBAEAE}.Release|Any CPU.ActiveCfg = Release|Any CPU
		{57A4E5F4-C203-44D6-BCF9-27A771DBAEAE}.Release|Any CPU.Build.0 = Release|Any CPU
	EndGlobalSection
	GlobalSection(SolutionProperties) = preSolution
		HideSolutionNode = FALSE
	EndGlobalSection
	GlobalSection(ExtensibilityGlobals) = postSolution
		SolutionGuid = {A9C29A34-37E3-45D1-AD66-E9AAF671B14E}
	EndGlobalSection
EndGlobal
