
Microsoft Visual Studio Solution File, Format Version 12.00
# Visual Studio 15
VisualStudioVersion = 15.0.28307.1145
MinimumVisualStudioVersion = 10.0.40219.1
Project("{FAE04EC0-301F-11D3-BF4B-00C04F79EFBC}") = "PFT2", "PFT2.csproj", "{0F2BC445-54A5-421B-8EAC-DE721AD3BC00}"
EndProject
Global
	GlobalSection(SolutionConfigurationPlatforms) = preSolution
		Debug|Any CPU = Debug|Any CPU
		Release|Any CPU = Release|Any CPU
	EndGlobalSection
	GlobalSection(ProjectConfigurationPlatforms) = postSolution
		{0F2BC445-54A5-421B-8EAC-DE721AD3BC00}.Debug|Any CPU.ActiveCfg = Release|Any CPU
		{0F2BC445-54A5-421B-8EAC-DE721AD3BC00}.Debug|Any CPU.Build.0 = Release|Any CPU
		{0F2BC445-54A5-421B-8EAC-DE721AD3BC00}.Release|Any CPU.ActiveCfg = Release|Any CPU
		{0F2BC445-54A5-421B-8EAC-DE721AD3BC00}.Release|Any CPU.Build.0 = Release|Any CPU
	EndGlobalSection
	GlobalSection(SolutionProperties) = preSolution
		HideSolutionNode = FALSE
	EndGlobalSection
	GlobalSection(ExtensibilityGlobals) = postSolution
		SolutionGuid = {035A0443-CEBB-44D2-8026-70B343E59763}
	EndGlobalSection
EndGlobal
